// !$*UTF8*$!
{
	archiveVersion = 1;
	classes = {
	};
	objectVersion = 48;
	objects = {

/* Begin PBXBuildFile section */
		3CBDA72C1F6DBC9A00F96A46 /* AppDelegate.swift in Sources */ = {isa = PBXBuildFile; fileRef = 3CBDA72B1F6DBC9A00F96A46 /* AppDelegate.swift */; };
		3CBDA7301F6DBC9A00F96A46 /* MapViewController.swift in Sources */ = {isa = PBXBuildFile; fileRef = 3CBDA72F1F6DBC9A00F96A46 /* MapViewController.swift */; };
		3CBDA7381F6DBC9A00F96A46 /* LaunchScreen.storyboard in Resources */ = {isa = PBXBuildFile; fileRef = 3CBDA7361F6DBC9A00F96A46 /* LaunchScreen.storyboard */; };
		3CBDA7561F6E0CEF00F96A46 /* CameraViewController.swift in Sources */ = {isa = PBXBuildFile; fileRef = 3CBDA7551F6E0CEF00F96A46 /* CameraViewController.swift */; };
		3CBDA7581F6E1B7800F96A46 /* ImageOCRResult.swift in Sources */ = {isa = PBXBuildFile; fileRef = 3CBDA7571F6E1B7800F96A46 /* ImageOCRResult.swift */; };
		3CBDA76A1F6E252100F96A46 /* libz.tbd in Frameworks */ = {isa = PBXBuildFile; fileRef = 3CBDA7691F6E252100F96A46 /* libz.tbd */; };
		3CBDA76C1F6E264700F96A46 /* TesseractOCR.framework in CopyFiles */ = {isa = PBXBuildFile; fileRef = 3CBDA76B1F6E263100F96A46 /* TesseractOCR.framework */; settings = {ATTRIBUTES = (CodeSignOnCopy, RemoveHeadersOnCopy, ); }; };
		3CBDA76D1F6E264A00F96A46 /* TesseractOCR.framework in Frameworks */ = {isa = PBXBuildFile; fileRef = 3CBDA76B1F6E263100F96A46 /* TesseractOCR.framework */; };
		3CBDA76F1F6E269B00F96A46 /* tessdata in CopyFiles */ = {isa = PBXBuildFile; fileRef = 3CBDA7671F6E24CD00F96A46 /* tessdata */; };
		3CBDA7721F6E2F1100F96A46 /* ParkState.swift in Sources */ = {isa = PBXBuildFile; fileRef = 3CBDA7711F6E2F1100F96A46 /* ParkState.swift */; };
		3CBDA7741F6E65B700F96A46 /* CameraViewController+Demo.swift in Sources */ = {isa = PBXBuildFile; fileRef = 3CBDA7731F6E65B700F96A46 /* CameraViewController+Demo.swift */; };
		3CBDA7801F6E6BDA00F96A46 /* SCNVector3+Extensions.swift in Sources */ = {isa = PBXBuildFile; fileRef = 3CBDA7761F6E6BD000F96A46 /* SCNVector3+Extensions.swift */; };
		3CBDA7811F6E6BDA00F96A46 /* SceneLocationEstimate.swift in Sources */ = {isa = PBXBuildFile; fileRef = 3CBDA7771F6E6BD000F96A46 /* SceneLocationEstimate.swift */; };
		3CBDA7821F6E6BDA00F96A46 /* SceneLocationEstimate+Extensions.swift in Sources */ = {isa = PBXBuildFile; fileRef = 3CBDA7781F6E6BD000F96A46 /* SceneLocationEstimate+Extensions.swift */; };
		3CBDA7831F6E6BDA00F96A46 /* FloatingPoint+Radians.swift in Sources */ = {isa = PBXBuildFile; fileRef = 3CBDA7791F6E6BD000F96A46 /* FloatingPoint+Radians.swift */; };
		3CBDA7841F6E6BDA00F96A46 /* LocationNode.swift in Sources */ = {isa = PBXBuildFile; fileRef = 3CBDA77A1F6E6BD000F96A46 /* LocationNode.swift */; };
		3CBDA7851F6E6BDA00F96A46 /* CGPoint+Extensions.swift in Sources */ = {isa = PBXBuildFile; fileRef = 3CBDA77B1F6E6BD000F96A46 /* CGPoint+Extensions.swift */; };
		3CBDA7861F6E6BDA00F96A46 /* CLLocation+Extensions.swift in Sources */ = {isa = PBXBuildFile; fileRef = 3CBDA77C1F6E6BD000F96A46 /* CLLocation+Extensions.swift */; };
		3CBDA7871F6E6BDA00F96A46 /* SceneLocationView.swift in Sources */ = {isa = PBXBuildFile; fileRef = 3CBDA77D1F6E6BD000F96A46 /* SceneLocationView.swift */; };
		3CBDA7881F6E6BDA00F96A46 /* LocationManager.swift in Sources */ = {isa = PBXBuildFile; fileRef = 3CBDA77E1F6E6BD000F96A46 /* LocationManager.swift */; };
		3CBDA7891F6E6BDA00F96A46 /* SCNNode+Extensions.swift in Sources */ = {isa = PBXBuildFile; fileRef = 3CBDA77F1F6E6BD000F96A46 /* SCNNode+Extensions.swift */; };
		3CBDA78B1F6E6C0500F96A46 /* ARNavigationViewController.swift in Sources */ = {isa = PBXBuildFile; fileRef = 3CBDA78A1F6E6C0500F96A46 /* ARNavigationViewController.swift */; };
		9B0DC8261F6E15B4005AC5B5 /* Mapbox.framework in Frameworks */ = {isa = PBXBuildFile; fileRef = 9B0DC8251F6E15B4005AC5B5 /* Mapbox.framework */; };
		9B3950B91F6E6BA600A3C013 /* FailedParkingViewController.swift in Sources */ = {isa = PBXBuildFile; fileRef = 9B3950B81F6E6BA600A3C013 /* FailedParkingViewController.swift */; };
		9B3950BB1F6E766D00A3C013 /* CurrentSessionViewController.swift in Sources */ = {isa = PBXBuildFile; fileRef = 9B3950BA1F6E766D00A3C013 /* CurrentSessionViewController.swift */; };
		9B3950BD1F6E7F4E00A3C013 /* SuccessParkingViewController.swift in Sources */ = {isa = PBXBuildFile; fileRef = 9B3950BC1F6E7F4E00A3C013 /* SuccessParkingViewController.swift */; };
		9B7E6B9E1F6E383C0012A94E /* MapQuestMaps-3.2.1-1.3 in Resources */ = {isa = PBXBuildFile; fileRef = 9B09430E1F6E151E00309317 /* MapQuestMaps-3.2.1-1.3 */; };
		9B7E6BA21F6E38A70012A94E /* Mapbox.bundle in Resources */ = {isa = PBXBuildFile; fileRef = 9B7E6BA11F6E38A70012A94E /* Mapbox.bundle */; };
		9B7E6BA41F6E3C560012A94E /* MainScreenViewController.swift in Sources */ = {isa = PBXBuildFile; fileRef = 9B7E6BA31F6E3C560012A94E /* MainScreenViewController.swift */; };
		9B7E6BA61F6E3C860012A94E /* main.storyboard in Resources */ = {isa = PBXBuildFile; fileRef = 9B7E6BA51F6E3C860012A94E /* main.storyboard */; };
		9B7E6BA81F6E478D0012A94E /* Assets.xcassets in Resources */ = {isa = PBXBuildFile; fileRef = 9B7E6BA71F6E467D0012A94E /* Assets.xcassets */; };
/* End PBXBuildFile section */

/* Begin PBXCopyFilesBuildPhase section */
		3CBDA75E1F6E226B00F96A46 /* CopyFiles */ = {
			isa = PBXCopyFilesBuildPhase;
			buildActionMask = 2147483647;
			dstPath = "";
			dstSubfolderSpec = 10;
			files = (
				3CBDA76C1F6E264700F96A46 /* TesseractOCR.framework in CopyFiles */,
			);
			runOnlyForDeploymentPostprocessing = 0;
		};
		3CBDA76E1F6E269200F96A46 /* CopyFiles */ = {
			isa = PBXCopyFilesBuildPhase;
			buildActionMask = 2147483647;
			dstPath = "";
			dstSubfolderSpec = 7;
			files = (
				3CBDA76F1F6E269B00F96A46 /* tessdata in CopyFiles */,
			);
			runOnlyForDeploymentPostprocessing = 0;
		};
/* End PBXCopyFilesBuildPhase section */

/* Begin PBXFileReference section */
		3CBDA7281F6DBC9A00F96A46 /* Park Rangr.app */ = {isa = PBXFileReference; explicitFileType = wrapper.application; includeInIndex = 0; path = "Park Rangr.app"; sourceTree = BUILT_PRODUCTS_DIR; };
		3CBDA72B1F6DBC9A00F96A46 /* AppDelegate.swift */ = {isa = PBXFileReference; lastKnownFileType = sourcecode.swift; path = AppDelegate.swift; sourceTree = "<group>"; };
		3CBDA72F1F6DBC9A00F96A46 /* MapViewController.swift */ = {isa = PBXFileReference; lastKnownFileType = sourcecode.swift; path = MapViewController.swift; sourceTree = "<group>"; };
		3CBDA7371F6DBC9A00F96A46 /* Base */ = {isa = PBXFileReference; lastKnownFileType = file.storyboard; name = Base; path = Base.lproj/LaunchScreen.storyboard; sourceTree = "<group>"; };
		3CBDA7391F6DBC9A00F96A46 /* Info.plist */ = {isa = PBXFileReference; lastKnownFileType = text.plist.xml; path = Info.plist; sourceTree = "<group>"; };
		3CBDA7551F6E0CEF00F96A46 /* CameraViewController.swift */ = {isa = PBXFileReference; lastKnownFileType = sourcecode.swift; path = CameraViewController.swift; sourceTree = "<group>"; };
		3CBDA7571F6E1B7800F96A46 /* ImageOCRResult.swift */ = {isa = PBXFileReference; lastKnownFileType = sourcecode.swift; path = ImageOCRResult.swift; sourceTree = "<group>"; };
		3CBDA7671F6E24CD00F96A46 /* tessdata */ = {isa = PBXFileReference; lastKnownFileType = folder; path = tessdata; sourceTree = "<group>"; };
		3CBDA7691F6E252100F96A46 /* libz.tbd */ = {isa = PBXFileReference; lastKnownFileType = "sourcecode.text-based-dylib-definition"; name = libz.tbd; path = usr/lib/libz.tbd; sourceTree = SDKROOT; };
		3CBDA76B1F6E263100F96A46 /* TesseractOCR.framework */ = {isa = PBXFileReference; lastKnownFileType = wrapper.framework; path = TesseractOCR.framework; sourceTree = "<group>"; };
		3CBDA7711F6E2F1100F96A46 /* ParkState.swift */ = {isa = PBXFileReference; lastKnownFileType = sourcecode.swift; path = ParkState.swift; sourceTree = "<group>"; };
		3CBDA7731F6E65B700F96A46 /* CameraViewController+Demo.swift */ = {isa = PBXFileReference; lastKnownFileType = sourcecode.swift; path = "CameraViewController+Demo.swift"; sourceTree = "<group>"; };
		3CBDA7761F6E6BD000F96A46 /* SCNVector3+Extensions.swift */ = {isa = PBXFileReference; lastKnownFileType = sourcecode.swift; path = "SCNVector3+Extensions.swift"; sourceTree = "<group>"; };
		3CBDA7771F6E6BD000F96A46 /* SceneLocationEstimate.swift */ = {isa = PBXFileReference; lastKnownFileType = sourcecode.swift; path = SceneLocationEstimate.swift; sourceTree = "<group>"; };
		3CBDA7781F6E6BD000F96A46 /* SceneLocationEstimate+Extensions.swift */ = {isa = PBXFileReference; lastKnownFileType = sourcecode.swift; path = "SceneLocationEstimate+Extensions.swift"; sourceTree = "<group>"; };
		3CBDA7791F6E6BD000F96A46 /* FloatingPoint+Radians.swift */ = {isa = PBXFileReference; lastKnownFileType = sourcecode.swift; path = "FloatingPoint+Radians.swift"; sourceTree = "<group>"; };
		3CBDA77A1F6E6BD000F96A46 /* LocationNode.swift */ = {isa = PBXFileReference; lastKnownFileType = sourcecode.swift; path = LocationNode.swift; sourceTree = "<group>"; };
		3CBDA77B1F6E6BD000F96A46 /* CGPoint+Extensions.swift */ = {isa = PBXFileReference; lastKnownFileType = sourcecode.swift; path = "CGPoint+Extensions.swift"; sourceTree = "<group>"; };
		3CBDA77C1F6E6BD000F96A46 /* CLLocation+Extensions.swift */ = {isa = PBXFileReference; lastKnownFileType = sourcecode.swift; path = "CLLocation+Extensions.swift"; sourceTree = "<group>"; };
		3CBDA77D1F6E6BD000F96A46 /* SceneLocationView.swift */ = {isa = PBXFileReference; lastKnownFileType = sourcecode.swift; path = SceneLocationView.swift; sourceTree = "<group>"; };
		3CBDA77E1F6E6BD000F96A46 /* LocationManager.swift */ = {isa = PBXFileReference; lastKnownFileType = sourcecode.swift; path = LocationManager.swift; sourceTree = "<group>"; };
		3CBDA77F1F6E6BD000F96A46 /* SCNNode+Extensions.swift */ = {isa = PBXFileReference; lastKnownFileType = sourcecode.swift; path = "SCNNode+Extensions.swift"; sourceTree = "<group>"; };
		3CBDA78A1F6E6C0500F96A46 /* ARNavigationViewController.swift */ = {isa = PBXFileReference; lastKnownFileType = sourcecode.swift; path = ARNavigationViewController.swift; sourceTree = "<group>"; };
		9B09430E1F6E151E00309317 /* MapQuestMaps-3.2.1-1.3 */ = {isa = PBXFileReference; lastKnownFileType = folder; path = "MapQuestMaps-3.2.1-1.3"; sourceTree = "<group>"; };
		9B0DC8251F6E15B4005AC5B5 /* Mapbox.framework */ = {isa = PBXFileReference; lastKnownFileType = wrapper.framework; name = Mapbox.framework; path = "Hackathon/MapQuestMaps-3.2.1-1.3/Mapbox.framework"; sourceTree = "<group>"; };
		9B3950B81F6E6BA600A3C013 /* FailedParkingViewController.swift */ = {isa = PBXFileReference; lastKnownFileType = sourcecode.swift; path = FailedParkingViewController.swift; sourceTree = "<group>"; };
		9B3950BA1F6E766D00A3C013 /* CurrentSessionViewController.swift */ = {isa = PBXFileReference; lastKnownFileType = sourcecode.swift; path = CurrentSessionViewController.swift; sourceTree = "<group>"; };
		9B3950BC1F6E7F4E00A3C013 /* SuccessParkingViewController.swift */ = {isa = PBXFileReference; lastKnownFileType = sourcecode.swift; path = SuccessParkingViewController.swift; sourceTree = "<group>"; };
		9B7E6BA11F6E38A70012A94E /* Mapbox.bundle */ = {isa = PBXFileReference; lastKnownFileType = "wrapper.plug-in"; name = Mapbox.bundle; path = "Hackathon/MapQuestMaps-3.2.1-1.3/Mapbox.bundle"; sourceTree = "<group>"; };
		9B7E6BA31F6E3C560012A94E /* MainScreenViewController.swift */ = {isa = PBXFileReference; lastKnownFileType = sourcecode.swift; path = MainScreenViewController.swift; sourceTree = "<group>"; };
		9B7E6BA51F6E3C860012A94E /* main.storyboard */ = {isa = PBXFileReference; lastKnownFileType = file.storyboard; path = main.storyboard; sourceTree = "<group>"; };
		9B7E6BA71F6E467D0012A94E /* Assets.xcassets */ = {isa = PBXFileReference; lastKnownFileType = folder.assetcatalog; path = Assets.xcassets; sourceTree = "<group>"; };
/* End PBXFileReference section */

/* Begin PBXFrameworksBuildPhase section */
		3CBDA7251F6DBC9A00F96A46 /* Frameworks */ = {
			isa = PBXFrameworksBuildPhase;
			buildActionMask = 2147483647;
			files = (
				3CBDA76A1F6E252100F96A46 /* libz.tbd in Frameworks */,
				3CBDA76D1F6E264A00F96A46 /* TesseractOCR.framework in Frameworks */,
				9B0DC8261F6E15B4005AC5B5 /* Mapbox.framework in Frameworks */,
			);
			runOnlyForDeploymentPostprocessing = 0;
		};
/* End PBXFrameworksBuildPhase section */

/* Begin PBXGroup section */
		3CBDA71F1F6DBC9900F96A46 = {
			isa = PBXGroup;
			children = (
				9B7E6BA11F6E38A70012A94E /* Mapbox.bundle */,
				3CBDA72A1F6DBC9A00F96A46 /* Hackathon */,
				3CBDA7291F6DBC9A00F96A46 /* Products */,
				3CBDA75C1F6E226600F96A46 /* Frameworks */,
			);
			sourceTree = "<group>";
		};
		3CBDA7291F6DBC9A00F96A46 /* Products */ = {
			isa = PBXGroup;
			children = (
				3CBDA7281F6DBC9A00F96A46 /* Park Rangr.app */,
			);
			name = Products;
			sourceTree = "<group>";
		};
		3CBDA72A1F6DBC9A00F96A46 /* Hackathon */ = {
			isa = PBXGroup;
			children = (
				3CBDA7671F6E24CD00F96A46 /* tessdata */,
				3CBDA76B1F6E263100F96A46 /* TesseractOCR.framework */,
				9B7E6BA71F6E467D0012A94E /* Assets.xcassets */,
				9B09430E1F6E151E00309317 /* MapQuestMaps-3.2.1-1.3 */,
				3CBDA7751F6E6BD000F96A46 /* ARKit+CoreLocation */,
				3CBDA72B1F6DBC9A00F96A46 /* AppDelegate.swift */,
				9B3950B81F6E6BA600A3C013 /* FailedParkingViewController.swift */,
				9B3950BA1F6E766D00A3C013 /* CurrentSessionViewController.swift */,
				9B3950BC1F6E7F4E00A3C013 /* SuccessParkingViewController.swift */,
				3CBDA72F1F6DBC9A00F96A46 /* MapViewController.swift */,
				9B7E6BA31F6E3C560012A94E /* MainScreenViewController.swift */,
				3CBDA7361F6DBC9A00F96A46 /* LaunchScreen.storyboard */,
				3CBDA7391F6DBC9A00F96A46 /* Info.plist */,
				3CBDA7551F6E0CEF00F96A46 /* CameraViewController.swift */,
				3CBDA7731F6E65B700F96A46 /* CameraViewController+Demo.swift */,
				3CBDA7571F6E1B7800F96A46 /* ImageOCRResult.swift */,
				3CBDA7711F6E2F1100F96A46 /* ParkState.swift */,
				9B7E6BA51F6E3C860012A94E /* main.storyboard */,
				3CBDA78A1F6E6C0500F96A46 /* ARNavigationViewController.swift */,
			);
			path = Hackathon;
			sourceTree = "<group>";
		};
		3CBDA75C1F6E226600F96A46 /* Frameworks */ = {
			isa = PBXGroup;
			children = (
				3CBDA7691F6E252100F96A46 /* libz.tbd */,
				9B0DC8251F6E15B4005AC5B5 /* Mapbox.framework */,
			);
			name = Frameworks;
			sourceTree = "<group>";
		};
		3CBDA7751F6E6BD000F96A46 /* ARKit+CoreLocation */ = {
			isa = PBXGroup;
			children = (
				3CBDA7761F6E6BD000F96A46 /* SCNVector3+Extensions.swift */,
				3CBDA7771F6E6BD000F96A46 /* SceneLocationEstimate.swift */,
				3CBDA7781F6E6BD000F96A46 /* SceneLocationEstimate+Extensions.swift */,
				3CBDA7791F6E6BD000F96A46 /* FloatingPoint+Radians.swift */,
				3CBDA77A1F6E6BD000F96A46 /* LocationNode.swift */,
				3CBDA77B1F6E6BD000F96A46 /* CGPoint+Extensions.swift */,
				3CBDA77C1F6E6BD000F96A46 /* CLLocation+Extensions.swift */,
				3CBDA77D1F6E6BD000F96A46 /* SceneLocationView.swift */,
				3CBDA77E1F6E6BD000F96A46 /* LocationManager.swift */,
				3CBDA77F1F6E6BD000F96A46 /* SCNNode+Extensions.swift */,
			);
			path = "ARKit+CoreLocation";
			sourceTree = "<group>";
		};
/* End PBXGroup section */

/* Begin PBXNativeTarget section */
		3CBDA7271F6DBC9A00F96A46 /* Hackathon */ = {
			isa = PBXNativeTarget;
			buildConfigurationList = 3CBDA73C1F6DBC9A00F96A46 /* Build configuration list for PBXNativeTarget "Hackathon" */;
			buildPhases = (
				3CBDA7241F6DBC9A00F96A46 /* Sources */,
				3CBDA7251F6DBC9A00F96A46 /* Frameworks */,
				3CBDA7261F6DBC9A00F96A46 /* Resources */,
				3CBDA75E1F6E226B00F96A46 /* CopyFiles */,
				3CBDA76E1F6E269200F96A46 /* CopyFiles */,
			);
			buildRules = (
			);
			dependencies = (
			);
			name = Hackathon;
			productName = Hackathon;
			productReference = 3CBDA7281F6DBC9A00F96A46 /* Park Rangr.app */;
			productType = "com.apple.product-type.application";
		};
/* End PBXNativeTarget section */

/* Begin PBXProject section */
		3CBDA7201F6DBC9900F96A46 /* Project object */ = {
			isa = PBXProject;
			attributes = {
				LastSwiftUpdateCheck = 0900;
				LastUpgradeCheck = 0900;
				ORGANIZATIONNAME = Hackathon;
				TargetAttributes = {
					3CBDA7271F6DBC9A00F96A46 = {
						CreatedOnToolsVersion = 9.0;
						ProvisioningStyle = Automatic;
					};
				};
			};
			buildConfigurationList = 3CBDA7231F6DBC9900F96A46 /* Build configuration list for PBXProject "Hackathon" */;
			compatibilityVersion = "Xcode 8.0";
			developmentRegion = en;
			hasScannedForEncodings = 0;
			knownRegions = (
				en,
				Base,
			);
			mainGroup = 3CBDA71F1F6DBC9900F96A46;
			productRefGroup = 3CBDA7291F6DBC9A00F96A46 /* Products */;
			projectDirPath = "";
			projectRoot = "";
			targets = (
				3CBDA7271F6DBC9A00F96A46 /* Hackathon */,
			);
		};
/* End PBXProject section */

/* Begin PBXResourcesBuildPhase section */
		3CBDA7261F6DBC9A00F96A46 /* Resources */ = {
			isa = PBXResourcesBuildPhase;
			buildActionMask = 2147483647;
			files = (
				9B7E6B9E1F6E383C0012A94E /* MapQuestMaps-3.2.1-1.3 in Resources */,
				9B7E6BA61F6E3C860012A94E /* main.storyboard in Resources */,
				3CBDA7381F6DBC9A00F96A46 /* LaunchScreen.storyboard in Resources */,
				9B7E6BA81F6E478D0012A94E /* Assets.xcassets in Resources */,
				9B7E6BA21F6E38A70012A94E /* Mapbox.bundle in Resources */,
			);
			runOnlyForDeploymentPostprocessing = 0;
		};
/* End PBXResourcesBuildPhase section */

/* Begin PBXSourcesBuildPhase section */
		3CBDA7241F6DBC9A00F96A46 /* Sources */ = {
			isa = PBXSourcesBuildPhase;
			buildActionMask = 2147483647;
			files = (
				3CBDA7841F6E6BDA00F96A46 /* LocationNode.swift in Sources */,
				3CBDA7301F6DBC9A00F96A46 /* MapViewController.swift in Sources */,
				3CBDA7581F6E1B7800F96A46 /* ImageOCRResult.swift in Sources */,
				3CBDA7861F6E6BDA00F96A46 /* CLLocation+Extensions.swift in Sources */,
				3CBDA7881F6E6BDA00F96A46 /* LocationManager.swift in Sources */,
				3CBDA72C1F6DBC9A00F96A46 /* AppDelegate.swift in Sources */,
				9B3950B91F6E6BA600A3C013 /* FailedParkingViewController.swift in Sources */,
				3CBDA7891F6E6BDA00F96A46 /* SCNNode+Extensions.swift in Sources */,
				9B3950BD1F6E7F4E00A3C013 /* SuccessParkingViewController.swift in Sources */,
				3CBDA7871F6E6BDA00F96A46 /* SceneLocationView.swift in Sources */,
				3CBDA7851F6E6BDA00F96A46 /* CGPoint+Extensions.swift in Sources */,
				3CBDA7821F6E6BDA00F96A46 /* SceneLocationEstimate+Extensions.swift in Sources */,
				3CBDA7801F6E6BDA00F96A46 /* SCNVector3+Extensions.swift in Sources */,
				3CBDA7741F6E65B700F96A46 /* CameraViewController+Demo.swift in Sources */,
				3CBDA78B1F6E6C0500F96A46 /* ARNavigationViewController.swift in Sources */,
				3CBDA7721F6E2F1100F96A46 /* ParkState.swift in Sources */,
				3CBDA7831F6E6BDA00F96A46 /* FloatingPoint+Radians.swift in Sources */,
				3CBDA7811F6E6BDA00F96A46 /* SceneLocationEstimate.swift in Sources */,
				3CBDA7561F6E0CEF00F96A46 /* CameraViewController.swift in Sources */,
				9B7E6BA41F6E3C560012A94E /* MainScreenViewController.swift in Sources */,
				9B3950BB1F6E766D00A3C013 /* CurrentSessionViewController.swift in Sources */,
			);
			runOnlyForDeploymentPostprocessing = 0;
		};
/* End PBXSourcesBuildPhase section */

/* Begin PBXVariantGroup section */
		3CBDA7361F6DBC9A00F96A46 /* LaunchScreen.storyboard */ = {
			isa = PBXVariantGroup;
			children = (
				3CBDA7371F6DBC9A00F96A46 /* Base */,
			);
			name = LaunchScreen.storyboard;
			sourceTree = "<group>";
		};
/* End PBXVariantGroup section */

/* Begin XCBuildConfiguration section */
		3CBDA73A1F6DBC9A00F96A46 /* Debug */ = {
			isa = XCBuildConfiguration;
			buildSettings = {
				ALWAYS_SEARCH_USER_PATHS = NO;
				CLANG_ANALYZER_NONNULL = YES;
				CLANG_ANALYZER_NUMBER_OBJECT_CONVERSION = YES_AGGRESSIVE;
				CLANG_CXX_LANGUAGE_STANDARD = "gnu++14";
				CLANG_CXX_LIBRARY = "libc++";
				CLANG_ENABLE_MODULES = YES;
				CLANG_ENABLE_OBJC_ARC = YES;
				CLANG_WARN_BLOCK_CAPTURE_AUTORELEASING = YES;
				CLANG_WARN_BOOL_CONVERSION = YES;
				CLANG_WARN_COMMA = YES;
				CLANG_WARN_CONSTANT_CONVERSION = YES;
				CLANG_WARN_DIRECT_OBJC_ISA_USAGE = YES_ERROR;
				CLANG_WARN_DOCUMENTATION_COMMENTS = YES;
				CLANG_WARN_EMPTY_BODY = YES;
				CLANG_WARN_ENUM_CONVERSION = YES;
				CLANG_WARN_INFINITE_RECURSION = YES;
				CLANG_WARN_INT_CONVERSION = YES;
				CLANG_WARN_NON_LITERAL_NULL_CONVERSION = YES;
				CLANG_WARN_OBJC_LITERAL_CONVERSION = YES;
				CLANG_WARN_OBJC_ROOT_CLASS = YES_ERROR;
				CLANG_WARN_RANGE_LOOP_ANALYSIS = YES;
				CLANG_WARN_STRICT_PROTOTYPES = YES;
				CLANG_WARN_SUSPICIOUS_MOVE = YES;
				CLANG_WARN_UNGUARDED_AVAILABILITY = YES_AGGRESSIVE;
				CLANG_WARN_UNREACHABLE_CODE = YES;
				CLANG_WARN__DUPLICATE_METHOD_MATCH = YES;
				CODE_SIGN_IDENTITY = "iPhone Developer";
				COPY_PHASE_STRIP = NO;
				DEBUG_INFORMATION_FORMAT = dwarf;
				ENABLE_STRICT_OBJC_MSGSEND = YES;
				ENABLE_TESTABILITY = YES;
				GCC_C_LANGUAGE_STANDARD = gnu11;
				GCC_DYNAMIC_NO_PIC = NO;
				GCC_NO_COMMON_BLOCKS = YES;
				GCC_OPTIMIZATION_LEVEL = 0;
				GCC_PREPROCESSOR_DEFINITIONS = (
					"DEBUG=1",
					"$(inherited)",
				);
				GCC_WARN_64_TO_32_BIT_CONVERSION = YES;
				GCC_WARN_ABOUT_RETURN_TYPE = YES_ERROR;
				GCC_WARN_UNDECLARED_SELECTOR = YES;
				GCC_WARN_UNINITIALIZED_AUTOS = YES_AGGRESSIVE;
				GCC_WARN_UNUSED_FUNCTION = YES;
				GCC_WARN_UNUSED_VARIABLE = YES;
				IPHONEOS_DEPLOYMENT_TARGET = 11.0;
				MTL_ENABLE_DEBUG_INFO = YES;
				ONLY_ACTIVE_ARCH = YES;
				SDKROOT = iphoneos;
				SWIFT_ACTIVE_COMPILATION_CONDITIONS = DEBUG;
				SWIFT_OPTIMIZATION_LEVEL = "-Onone";
			};
			name = Debug;
		};
		3CBDA73B1F6DBC9A00F96A46 /* Release */ = {
			isa = XCBuildConfiguration;
			buildSettings = {
				ALWAYS_SEARCH_USER_PATHS = NO;
				CLANG_ANALYZER_NONNULL = YES;
				CLANG_ANALYZER_NUMBER_OBJECT_CONVERSION = YES_AGGRESSIVE;
				CLANG_CXX_LANGUAGE_STANDARD = "gnu++14";
				CLANG_CXX_LIBRARY = "libc++";
				CLANG_ENABLE_MODULES = YES;
				CLANG_ENABLE_OBJC_ARC = YES;
				CLANG_WARN_BLOCK_CAPTURE_AUTORELEASING = YES;
				CLANG_WARN_BOOL_CONVERSION = YES;
				CLANG_WARN_COMMA = YES;
				CLANG_WARN_CONSTANT_CONVERSION = YES;
				CLANG_WARN_DIRECT_OBJC_ISA_USAGE = YES_ERROR;
				CLANG_WARN_DOCUMENTATION_COMMENTS = YES;
				CLANG_WARN_EMPTY_BODY = YES;
				CLANG_WARN_ENUM_CONVERSION = YES;
				CLANG_WARN_INFINITE_RECURSION = YES;
				CLANG_WARN_INT_CONVERSION = YES;
				CLANG_WARN_NON_LITERAL_NULL_CONVERSION = YES;
				CLANG_WARN_OBJC_LITERAL_CONVERSION = YES;
				CLANG_WARN_OBJC_ROOT_CLASS = YES_ERROR;
				CLANG_WARN_RANGE_LOOP_ANALYSIS = YES;
				CLANG_WARN_STRICT_PROTOTYPES = YES;
				CLANG_WARN_SUSPICIOUS_MOVE = YES;
				CLANG_WARN_UNGUARDED_AVAILABILITY = YES_AGGRESSIVE;
				CLANG_WARN_UNREACHABLE_CODE = YES;
				CLANG_WARN__DUPLICATE_METHOD_MATCH = YES;
				CODE_SIGN_IDENTITY = "iPhone Developer";
				COPY_PHASE_STRIP = NO;
				DEBUG_INFORMATION_FORMAT = "dwarf-with-dsym";
				ENABLE_NS_ASSERTIONS = NO;
				ENABLE_STRICT_OBJC_MSGSEND = YES;
				GCC_C_LANGUAGE_STANDARD = gnu11;
				GCC_NO_COMMON_BLOCKS = YES;
				GCC_WARN_64_TO_32_BIT_CONVERSION = YES;
				GCC_WARN_ABOUT_RETURN_TYPE = YES_ERROR;
				GCC_WARN_UNDECLARED_SELECTOR = YES;
				GCC_WARN_UNINITIALIZED_AUTOS = YES_AGGRESSIVE;
				GCC_WARN_UNUSED_FUNCTION = YES;
				GCC_WARN_UNUSED_VARIABLE = YES;
				IPHONEOS_DEPLOYMENT_TARGET = 11.0;
				MTL_ENABLE_DEBUG_INFO = NO;
				SDKROOT = iphoneos;
				SWIFT_OPTIMIZATION_LEVEL = "-Owholemodule";
				VALIDATE_PRODUCT = YES;
			};
			name = Release;
		};
		3CBDA73D1F6DBC9A00F96A46 /* Debug */ = {
			isa = XCBuildConfiguration;
			buildSettings = {
				ASSETCATALOG_COMPILER_APPICON_NAME = AppIcon;
				CODE_SIGN_STYLE = Automatic;
				DEVELOPMENT_TEAM = 7XUP88MUC4;
				ENABLE_BITCODE = NO;
				FRAMEWORK_SEARCH_PATHS = (
					"$(inherited)",
					"$(PROJECT_DIR)/Hackathon/MapQuestMaps-3.2.1-1.3",
					"$(PROJECT_DIR)/Hackathon",
				);
				INFOPLIST_FILE = Hackathon/Info.plist;
				LD_RUNPATH_SEARCH_PATHS = "$(inherited) @executable_path/Frameworks";
				OTHER_LDFLAGS = "-lstdc++";
				PRODUCT_BUNDLE_IDENTIFIER = com.techcrunch.Hackathon;
				PRODUCT_NAME = "Park Rangr";
				SWIFT_VERSION = 4.0;
				TARGETED_DEVICE_FAMILY = "1,2";
			};
			name = Debug;
		};
		3CBDA73E1F6DBC9A00F96A46 /* Release */ = {
			isa = XCBuildConfiguration;
			buildSettings = {
				ASSETCATALOG_COMPILER_APPICON_NAME = AppIcon;
				CODE_SIGN_STYLE = Automatic;
				DEVELOPMENT_TEAM = 7XUP88MUC4;
				ENABLE_BITCODE = NO;
				FRAMEWORK_SEARCH_PATHS = (
					"$(inherited)",
					"$(PROJECT_DIR)/Hackathon/MapQuestMaps-3.2.1-1.3",
					"$(PROJECT_DIR)/Hackathon",
				);
				INFOPLIST_FILE = Hackathon/Info.plist;
				LD_RUNPATH_SEARCH_PATHS = "$(inherited) @executable_path/Frameworks";
				OTHER_LDFLAGS = "-lstdc++";
				PRODUCT_BUNDLE_IDENTIFIER = com.techcrunch.Hackathon;
				PRODUCT_NAME = "Park Rangr";
				SWIFT_VERSION = 4.0;
				TARGETED_DEVICE_FAMILY = "1,2";
			};
			name = Release;
		};
/* End XCBuildConfiguration section */

/* Begin XCConfigurationList section */
		3CBDA7231F6DBC9900F96A46 /* Build configuration list for PBXProject "Hackathon" */ = {
			isa = XCConfigurationList;
			buildConfigurations = (
				3CBDA73A1F6DBC9A00F96A46 /* Debug */,
				3CBDA73B1F6DBC9A00F96A46 /* Release */,
			);
			defaultConfigurationIsVisible = 0;
			defaultConfigurationName = Release;
		};
		3CBDA73C1F6DBC9A00F96A46 /* Build configuration list for PBXNativeTarget "Hackathon" */ = {
			isa = XCConfigurationList;
			buildConfigurations = (
				3CBDA73D1F6DBC9A00F96A46 /* Debug */,
				3CBDA73E1F6DBC9A00F96A46 /* Release */,
			);
			defaultConfigurationIsVisible = 0;
			defaultConfigurationName = Release;
		};
/* End XCConfigurationList section */
	};
	rootObject = 3CBDA7201F6DBC9900F96A46 /* Project object */;
}
