// !$*UTF8*$!
{
	archiveVersion = 1;
	classes = {
	};
	objectVersion = 48;
	objects = {

/* Begin PBXBuildFile section */
		3CBDA72C1F6DBC9A00F96A46 /* AppDelegate.swift in Sources */ = {isa = PBXBuildFile; fileRef = 3CBDA72B1F6DBC9A00F96A46 /* AppDelegate.swift */; };
		3CBDA7301F6DBC9A00F96A46 /* ViewController.swift in Sources */ = {isa = PBXBuildFile; fileRef = 3CBDA72F1F6DBC9A00F96A46 /* ViewController.swift */; };
		3CBDA7351F6DBC9A00F96A46 /* Assets.xcassets in Resources */ = {isa = PBXBuildFile; fileRef = 3CBDA7341F6DBC9A00F96A46 /* Assets.xcassets */; };
		3CBDA7381F6DBC9A00F96A46 /* LaunchScreen.storyboard in Resources */ = {isa = PBXBuildFile; fileRef = 3CBDA7361F6DBC9A00F96A46 /* LaunchScreen.storyboard */; };
		3CBDA7561F6E0CEF00F96A46 /* CameraViewController.swift in Sources */ = {isa = PBXBuildFile; fileRef = 3CBDA7551F6E0CEF00F96A46 /* CameraViewController.swift */; };
		3CBDA7581F6E1B7800F96A46 /* ImageOCRResult.swift in Sources */ = {isa = PBXBuildFile; fileRef = 3CBDA7571F6E1B7800F96A46 /* ImageOCRResult.swift */; };
		3CBDA76A1F6E252100F96A46 /* libz.tbd in Frameworks */ = {isa = PBXBuildFile; fileRef = 3CBDA7691F6E252100F96A46 /* libz.tbd */; };
		3CBDA76C1F6E264700F96A46 /* TesseractOCR.framework in CopyFiles */ = {isa = PBXBuildFile; fileRef = 3CBDA76B1F6E263100F96A46 /* TesseractOCR.framework */; settings = {ATTRIBUTES = (CodeSignOnCopy, RemoveHeadersOnCopy, ); }; };
		3CBDA76D1F6E264A00F96A46 /* TesseractOCR.framework in Frameworks */ = {isa = PBXBuildFile; fileRef = 3CBDA76B1F6E263100F96A46 /* TesseractOCR.framework */; };
		3CBDA76F1F6E269B00F96A46 /* tessdata in CopyFiles */ = {isa = PBXBuildFile; fileRef = 3CBDA7671F6E24CD00F96A46 /* tessdata */; };
		3CBDA7721F6E2F1100F96A46 /* ParkState.swift in Sources */ = {isa = PBXBuildFile; fileRef = 3CBDA7711F6E2F1100F96A46 /* ParkState.swift */; };
/* End PBXBuildFile section */

/* Begin PBXCopyFilesBuildPhase section */
		3CBDA75E1F6E226B00F96A46 /* CopyFiles */ = {
			isa = PBXCopyFilesBuildPhase;
			buildActionMask = 2147483647;
			dstPath = "";
			dstSubfolderSpec = 10;
			files = (
				3CBDA76C1F6E264700F96A46 /* TesseractOCR.framework in CopyFiles */,
			);
			runOnlyForDeploymentPostprocessing = 0;
		};
		3CBDA76E1F6E269200F96A46 /* CopyFiles */ = {
			isa = PBXCopyFilesBuildPhase;
			buildActionMask = 2147483647;
			dstPath = "";
			dstSubfolderSpec = 7;
			files = (
				3CBDA76F1F6E269B00F96A46 /* tessdata in CopyFiles */,
			);
			runOnlyForDeploymentPostprocessing = 0;
		};
/* End PBXCopyFilesBuildPhase section */

/* Begin PBXFileReference section */
		3CBDA7281F6DBC9A00F96A46 /* Hackathon.app */ = {isa = PBXFileReference; explicitFileType = wrapper.application; includeInIndex = 0; path = Hackathon.app; sourceTree = BUILT_PRODUCTS_DIR; };
		3CBDA72B1F6DBC9A00F96A46 /* AppDelegate.swift */ = {isa = PBXFileReference; lastKnownFileType = sourcecode.swift; path = AppDelegate.swift; sourceTree = "<group>"; };
		3CBDA72F1F6DBC9A00F96A46 /* ViewController.swift */ = {isa = PBXFileReference; lastKnownFileType = sourcecode.swift; path = ViewController.swift; sourceTree = "<group>"; };
		3CBDA7341F6DBC9A00F96A46 /* Assets.xcassets */ = {isa = PBXFileReference; lastKnownFileType = folder.assetcatalog; path = Assets.xcassets; sourceTree = "<group>"; };
		3CBDA7371F6DBC9A00F96A46 /* Base */ = {isa = PBXFileReference; lastKnownFileType = file.storyboard; name = Base; path = Base.lproj/LaunchScreen.storyboard; sourceTree = "<group>"; };
		3CBDA7391F6DBC9A00F96A46 /* Info.plist */ = {isa = PBXFileReference; lastKnownFileType = text.plist.xml; path = Info.plist; sourceTree = "<group>"; };
		3CBDA7551F6E0CEF00F96A46 /* CameraViewController.swift */ = {isa = PBXFileReference; lastKnownFileType = sourcecode.swift; path = CameraViewController.swift; sourceTree = "<group>"; };
		3CBDA7571F6E1B7800F96A46 /* ImageOCRResult.swift */ = {isa = PBXFileReference; lastKnownFileType = sourcecode.swift; path = ImageOCRResult.swift; sourceTree = "<group>"; };
		3CBDA7671F6E24CD00F96A46 /* tessdata */ = {isa = PBXFileReference; lastKnownFileType = folder; path = tessdata; sourceTree = "<group>"; };
		3CBDA7691F6E252100F96A46 /* libz.tbd */ = {isa = PBXFileReference; lastKnownFileType = "sourcecode.text-based-dylib-definition"; name = libz.tbd; path = usr/lib/libz.tbd; sourceTree = SDKROOT; };
		3CBDA76B1F6E263100F96A46 /* TesseractOCR.framework */ = {isa = PBXFileReference; lastKnownFileType = wrapper.framework; path = TesseractOCR.framework; sourceTree = "<group>"; };
		3CBDA7711F6E2F1100F96A46 /* ParkState.swift */ = {isa = PBXFileReference; lastKnownFileType = sourcecode.swift; path = ParkState.swift; sourceTree = "<group>"; };
/* End PBXFileReference section */

/* Begin PBXFrameworksBuildPhase section */
		3CBDA7251F6DBC9A00F96A46 /* Frameworks */ = {
			isa = PBXFrameworksBuildPhase;
			buildActionMask = 2147483647;
			files = (
				3CBDA76A1F6E252100F96A46 /* libz.tbd in Frameworks */,
				3CBDA76D1F6E264A00F96A46 /* TesseractOCR.framework in Frameworks */,
			);
			runOnlyForDeploymentPostprocessing = 0;
		};
/* End PBXFrameworksBuildPhase section */

/* Begin PBXGroup section */
		3CBDA71F1F6DBC9900F96A46 = {
			isa = PBXGroup;
			children = (
				3CBDA72A1F6DBC9A00F96A46 /* Hackathon */,
				3CBDA7291F6DBC9A00F96A46 /* Products */,
				3CBDA75C1F6E226600F96A46 /* Frameworks */,
			);
			sourceTree = "<group>";
		};
		3CBDA7291F6DBC9A00F96A46 /* Products */ = {
			isa = PBXGroup;
			children = (
				3CBDA7281F6DBC9A00F96A46 /* Hackathon.app */,
			);
			name = Products;
			sourceTree = "<group>";
		};
		3CBDA72A1F6DBC9A00F96A46 /* Hackathon */ = {
			isa = PBXGroup;
			children = (
				3CBDA7671F6E24CD00F96A46 /* tessdata */,
				3CBDA76B1F6E263100F96A46 /* TesseractOCR.framework */,
				3CBDA72B1F6DBC9A00F96A46 /* AppDelegate.swift */,
				3CBDA72F1F6DBC9A00F96A46 /* ViewController.swift */,
				3CBDA7341F6DBC9A00F96A46 /* Assets.xcassets */,
				3CBDA7361F6DBC9A00F96A46 /* LaunchScreen.storyboard */,
				3CBDA7391F6DBC9A00F96A46 /* Info.plist */,
				3CBDA7551F6E0CEF00F96A46 /* CameraViewController.swift */,
				3CBDA7571F6E1B7800F96A46 /* ImageOCRResult.swift */,
				3CBDA7711F6E2F1100F96A46 /* ParkState.swift */,
			);
			path = Hackathon;
			sourceTree = "<group>";
		};
		3CBDA75C1F6E226600F96A46 /* Frameworks */ = {
			isa = PBXGroup;
			children = (
				3CBDA7691F6E252100F96A46 /* libz.tbd */,
			);
			name = Frameworks;
			sourceTree = "<group>";
		};
/* End PBXGroup section */

/* Begin PBXNativeTarget section */
		3CBDA7271F6DBC9A00F96A46 /* Hackathon */ = {
			isa = PBXNativeTarget;
			buildConfigurationList = 3CBDA73C1F6DBC9A00F96A46 /* Build configuration list for PBXNativeTarget "Hackathon" */;
			buildPhases = (
				3CBDA7241F6DBC9A00F96A46 /* Sources */,
				3CBDA7251F6DBC9A00F96A46 /* Frameworks */,
				3CBDA7261F6DBC9A00F96A46 /* Resources */,
				3CBDA75E1F6E226B00F96A46 /* CopyFiles */,
				3CBDA76E1F6E269200F96A46 /* CopyFiles */,
			);
			buildRules = (
			);
			dependencies = (
			);
			name = Hackathon;
			productName = Hackathon;
			productReference = 3CBDA7281F6DBC9A00F96A46 /* Hackathon.app */;
			productType = "com.apple.product-type.application";
		};
/* End PBXNativeTarget section */

/* Begin PBXProject section */
		3CBDA7201F6DBC9900F96A46 /* Project object */ = {
			isa = PBXProject;
			attributes = {
				LastSwiftUpdateCheck = 0900;
				LastUpgradeCheck = 0900;
				ORGANIZATIONNAME = Hackathon;
				TargetAttributes = {
					3CBDA7271F6DBC9A00F96A46 = {
						CreatedOnToolsVersion = 9.0;
						ProvisioningStyle = Automatic;
					};
				};
			};
			buildConfigurationList = 3CBDA7231F6DBC9900F96A46 /* Build configuration list for PBXProject "Hackathon" */;
			compatibilityVersion = "Xcode 8.0";
			developmentRegion = en;
			hasScannedForEncodings = 0;
			knownRegions = (
				en,
				Base,
			);
			mainGroup = 3CBDA71F1F6DBC9900F96A46;
			productRefGroup = 3CBDA7291F6DBC9A00F96A46 /* Products */;
			projectDirPath = "";
			projectRoot = "";
			targets = (
				3CBDA7271F6DBC9A00F96A46 /* Hackathon */,
			);
		};
/* End PBXProject section */

/* Begin PBXResourcesBuildPhase section */
		3CBDA7261F6DBC9A00F96A46 /* Resources */ = {
			isa = PBXResourcesBuildPhase;
			buildActionMask = 2147483647;
			files = (
				3CBDA7381F6DBC9A00F96A46 /* LaunchScreen.storyboard in Resources */,
				3CBDA7351F6DBC9A00F96A46 /* Assets.xcassets in Resources */,
			);
			runOnlyForDeploymentPostprocessing = 0;
		};
/* End PBXResourcesBuildPhase section */

/* Begin PBXSourcesBuildPhase section */
		3CBDA7241F6DBC9A00F96A46 /* Sources */ = {
			isa = PBXSourcesBuildPhase;
			buildActionMask = 2147483647;
			files = (
				3CBDA7301F6DBC9A00F96A46 /* ViewController.swift in Sources */,
				3CBDA7581F6E1B7800F96A46 /* ImageOCRResult.swift in Sources */,
				3CBDA72C1F6DBC9A00F96A46 /* AppDelegate.swift in Sources */,
				3CBDA7721F6E2F1100F96A46 /* ParkState.swift in Sources */,
				3CBDA7561F6E0CEF00F96A46 /* CameraViewController.swift in Sources */,
			);
			runOnlyForDeploymentPostprocessing = 0;
		};
/* End PBXSourcesBuildPhase section */

/* Begin PBXVariantGroup section */
		3CBDA7361F6DBC9A00F96A46 /* LaunchScreen.storyboard */ = {
			isa = PBXVariantGroup;
			children = (
				3CBDA7371F6DBC9A00F96A46 /* Base */,
			);
			name = LaunchScreen.storyboard;
			sourceTree = "<group>";
		};
/* End PBXVariantGroup section */

/* Begin XCBuildConfiguration section */
		3CBDA73A1F6DBC9A00F96A46 /* Debug */ = {
			isa = XCBuildConfiguration;
			buildSettings = {
				ALWAYS_SEARCH_USER_PATHS = NO;
				CLANG_ANALYZER_NONNULL = YES;
				CLANG_ANALYZER_NUMBER_OBJECT_CONVERSION = YES_AGGRESSIVE;
				CLANG_CXX_LANGUAGE_STANDARD = "gnu++14";
				CLANG_CXX_LIBRARY = "libc++";
				CLANG_ENABLE_MODULES = YES;
				CLANG_ENABLE_OBJC_ARC = YES;
				CLANG_WARN_BLOCK_CAPTURE_AUTORELEASING = YES;
				CLANG_WARN_BOOL_CONVERSION = YES;
				CLANG_WARN_COMMA = YES;
				CLANG_WARN_CONSTANT_CONVERSION = YES;
				CLANG_WARN_DIRECT_OBJC_ISA_USAGE = YES_ERROR;
				CLANG_WARN_DOCUMENTATION_COMMENTS = YES;
				CLANG_WARN_EMPTY_BODY = YES;
				CLANG_WARN_ENUM_CONVERSION = YES;
				CLANG_WARN_INFINITE_RECURSION = YES;
				CLANG_WARN_INT_CONVERSION = YES;
				CLANG_WARN_NON_LITERAL_NULL_CONVERSION = YES;
				CLANG_WARN_OBJC_LITERAL_CONVERSION = YES;
				CLANG_WARN_OBJC_ROOT_CLASS = YES_ERROR;
				CLANG_WARN_RANGE_LOOP_ANALYSIS = YES;
				CLANG_WARN_STRICT_PROTOTYPES = YES;
				CLANG_WARN_SUSPICIOUS_MOVE = YES;
				CLANG_WARN_UNGUARDED_AVAILABILITY = YES_AGGRESSIVE;
				CLANG_WARN_UNREACHABLE_CODE = YES;
				CLANG_WARN__DUPLICATE_METHOD_MATCH = YES;
				CODE_SIGN_IDENTITY = "iPhone Developer";
				COPY_PHASE_STRIP = NO;
				DEBUG_INFORMATION_FORMAT = dwarf;
				ENABLE_STRICT_OBJC_MSGSEND = YES;
				ENABLE_TESTABILITY = YES;
				GCC_C_LANGUAGE_STANDARD = gnu11;
				GCC_DYNAMIC_NO_PIC = NO;
				GCC_NO_COMMON_BLOCKS = YES;
				GCC_OPTIMIZATION_LEVEL = 0;
				GCC_PREPROCESSOR_DEFINITIONS = (
					"DEBUG=1",
					"$(inherited)",
				);
				GCC_WARN_64_TO_32_BIT_CONVERSION = YES;
				GCC_WARN_ABOUT_RETURN_TYPE = YES_ERROR;
				GCC_WARN_UNDECLARED_SELECTOR = YES;
				GCC_WARN_UNINITIALIZED_AUTOS = YES_AGGRESSIVE;
				GCC_WARN_UNUSED_FUNCTION = YES;
				GCC_WARN_UNUSED_VARIABLE = YES;
				IPHONEOS_DEPLOYMENT_TARGET = 11.0;
				MTL_ENABLE_DEBUG_INFO = YES;
				ONLY_ACTIVE_ARCH = YES;
				SDKROOT = iphoneos;
				SWIFT_ACTIVE_COMPILATION_CONDITIONS = DEBUG;
				SWIFT_OPTIMIZATION_LEVEL = "-Onone";
			};
			name = Debug;
		};
		3CBDA73B1F6DBC9A00F96A46 /* Release */ = {
			isa = XCBuildConfiguration;
			buildSettings = {
				ALWAYS_SEARCH_USER_PATHS = NO;
				CLANG_ANALYZER_NONNULL = YES;
				CLANG_ANALYZER_NUMBER_OBJECT_CONVERSION = YES_AGGRESSIVE;
				CLANG_CXX_LANGUAGE_STANDARD = "gnu++14";
				CLANG_CXX_LIBRARY = "libc++";
				CLANG_ENABLE_MODULES = YES;
				CLANG_ENABLE_OBJC_ARC = YES;
				CLANG_WARN_BLOCK_CAPTURE_AUTORELEASING = YES;
				CLANG_WARN_BOOL_CONVERSION = YES;
				CLANG_WARN_COMMA = YES;
				CLANG_WARN_CONSTANT_CONVERSION = YES;
				CLANG_WARN_DIRECT_OBJC_ISA_USAGE = YES_ERROR;
				CLANG_WARN_DOCUMENTATION_COMMENTS = YES;
				CLANG_WARN_EMPTY_BODY = YES;
				CLANG_WARN_ENUM_CONVERSION = YES;
				CLANG_WARN_INFINITE_RECURSION = YES;
				CLANG_WARN_INT_CONVERSION = YES;
				CLANG_WARN_NON_LITERAL_NULL_CONVERSION = YES;
				CLANG_WARN_OBJC_LITERAL_CONVERSION = YES;
				CLANG_WARN_OBJC_ROOT_CLASS = YES_ERROR;
				CLANG_WARN_RANGE_LOOP_ANALYSIS = YES;
				CLANG_WARN_STRICT_PROTOTYPES = YES;
				CLANG_WARN_SUSPICIOUS_MOVE = YES;
				CLANG_WARN_UNGUARDED_AVAILABILITY = YES_AGGRESSIVE;
				CLANG_WARN_UNREACHABLE_CODE = YES;
				CLANG_WARN__DUPLICATE_METHOD_MATCH = YES;
				CODE_SIGN_IDENTITY = "iPhone Developer";
				COPY_PHASE_STRIP = NO;
				DEBUG_INFORMATION_FORMAT = "dwarf-with-dsym";
				ENABLE_NS_ASSERTIONS = NO;
				ENABLE_STRICT_OBJC_MSGSEND = YES;
				GCC_C_LANGUAGE_STANDARD = gnu11;
				GCC_NO_COMMON_BLOCKS = YES;
				GCC_WARN_64_TO_32_BIT_CONVERSION = YES;
				GCC_WARN_ABOUT_RETURN_TYPE = YES_ERROR;
				GCC_WARN_UNDECLARED_SELECTOR = YES;
				GCC_WARN_UNINITIALIZED_AUTOS = YES_AGGRESSIVE;
				GCC_WARN_UNUSED_FUNCTION = YES;
				GCC_WARN_UNUSED_VARIABLE = YES;
				IPHONEOS_DEPLOYMENT_TARGET = 11.0;
				MTL_ENABLE_DEBUG_INFO = NO;
				SDKROOT = iphoneos;
				SWIFT_OPTIMIZATION_LEVEL = "-Owholemodule";
				VALIDATE_PRODUCT = YES;
			};
			name = Release;
		};
		3CBDA73D1F6DBC9A00F96A46 /* Debug */ = {
			isa = XCBuildConfiguration;
			buildSettings = {
				ASSETCATALOG_COMPILER_APPICON_NAME = AppIcon;
				CODE_SIGN_STYLE = Automatic;
				DEVELOPMENT_TEAM = A8DZBD3K9C;
				ENABLE_BITCODE = NO;
				FRAMEWORK_SEARCH_PATHS = (
					"$(inherited)",
					"$(PROJECT_DIR)/Hackathon",
				);
				INFOPLIST_FILE = Hackathon/Info.plist;
				LD_RUNPATH_SEARCH_PATHS = "$(inherited) @executable_path/Frameworks";
				OTHER_LDFLAGS = "-lstdc++";
				PRODUCT_BUNDLE_IDENTIFIER = com.techcrunch.Hackathon;
				PRODUCT_NAME = "$(TARGET_NAME)";
				SWIFT_VERSION = 4.0;
				TARGETED_DEVICE_FAMILY = "1,2";
			};
			name = Debug;
		};
		3CBDA73E1F6DBC9A00F96A46 /* Release */ = {
			isa = XCBuildConfiguration;
			buildSettings = {
				ASSETCATALOG_COMPILER_APPICON_NAME = AppIcon;
				CODE_SIGN_STYLE = Automatic;
				DEVELOPMENT_TEAM = A8DZBD3K9C;
				ENABLE_BITCODE = NO;
				FRAMEWORK_SEARCH_PATHS = (
					"$(inherited)",
					"$(PROJECT_DIR)/Hackathon",
				);
				INFOPLIST_FILE = Hackathon/Info.plist;
				LD_RUNPATH_SEARCH_PATHS = "$(inherited) @executable_path/Frameworks";
				OTHER_LDFLAGS = "-lstdc++";
				PRODUCT_BUNDLE_IDENTIFIER = com.techcrunch.Hackathon;
				PRODUCT_NAME = "$(TARGET_NAME)";
				SWIFT_VERSION = 4.0;
				TARGETED_DEVICE_FAMILY = "1,2";
			};
			name = Release;
		};
/* End XCBuildConfiguration section */

/* Begin XCConfigurationList section */
		3CBDA7231F6DBC9900F96A46 /* Build configuration list for PBXProject "Hackathon" */ = {
			isa = XCConfigurationList;
			buildConfigurations = (
				3CBDA73A1F6DBC9A00F96A46 /* Debug */,
				3CBDA73B1F6DBC9A00F96A46 /* Release */,
			);
			defaultConfigurationIsVisible = 0;
			defaultConfigurationName = Release;
		};
		3CBDA73C1F6DBC9A00F96A46 /* Build configuration list for PBXNativeTarget "Hackathon" */ = {
			isa = XCConfigurationList;
			buildConfigurations = (
				3CBDA73D1F6DBC9A00F96A46 /* Debug */,
				3CBDA73E1F6DBC9A00F96A46 /* Release */,
			);
			defaultConfigurationIsVisible = 0;
			defaultConfigurationName = Release;
		};
/* End XCConfigurationList section */
	};
	rootObject = 3CBDA7201F6DBC9900F96A46 /* Project object */;
}
